
Microsoft Visual Studio Solution File, Format Version 12.00
# Visual Studio 15
VisualStudioVersion = 15.0.28307.102
MinimumVisualStudioVersion = 10.0.40219.1
Project("{FAE04EC0-301F-11D3-BF4B-00C04F79EFBC}") = "Linq_Query_Demo", "Linq_Query_Demo.csproj", "{94710B95-874A-47AF-B796-4CEBE7516C02}"
EndProject
Global
	GlobalSection(SolutionConfigurationPlatforms) = preSolution
		Debug|Any CPU = Debug|Any CPU
		Release|Any CPU = Release|Any CPU
	EndGlobalSection
	GlobalSection(ProjectConfigurationPlatforms) = postSolution
		{94710B95-874A-47AF-B796-4CEBE7516C02}.Debug|Any CPU.ActiveCfg = Debug|Any CPU
		{94710B95-874A-47AF-B796-4CEBE7516C02}.Debug|Any CPU.Build.0 = Debug|Any CPU
		{94710B95-874A-47AF-B796-4CEBE7516C02}.Release|Any CPU.ActiveCfg = Release|Any CPU
		{94710B95-874A-47AF-B796-4CEBE7516C02}.Release|Any CPU.Build.0 = Release|Any CPU
	EndGlobalSection
	GlobalSection(SolutionProperties) = preSolution
		HideSolutionNode = FALSE
	EndGlobalSection
	GlobalSection(ExtensibilityGlobals) = postSolution
		SolutionGuid = {D9750BE6-01F9-445D-8091-F169E48013BB}
	EndGlobalSection
EndGlobal
